
Microsoft Visual Studio Solution File, Format Version 12.00
# Visual Studio 15
VisualStudioVersion = 15.0.28307.902
MinimumVisualStudioVersion = 10.0.40219.1
Project("{FAE04EC0-301F-11D3-BF4B-00C04F79EFBC}") = "Assignment", "Assignment\Assignment.csproj", "{F197CADD-9509-40EC-92A7-69CDD177B8EA}"
EndProject
Project("{FAE04EC0-301F-11D3-BF4B-00C04F79EFBC}") = "Assignment.Data", "Assignment.Data\Assignment.Data.csproj", "{8F6C6635-D884-4ECE-A178-F07BFC38BDDD}"
EndProject
Project("{FAE04EC0-301F-11D3-BF4B-00C04F79EFBC}") = "Assignment.Test", "Assignment.Test\Assignment.Test.csproj", "{C4CB28EC-248F-46CE-89C3-A91546752943}"
EndProject
Global
	GlobalSection(SolutionConfigurationPlatforms) = preSolution
		Debug|Any CPU = Debug|Any CPU
		Release|Any CPU = Release|Any CPU
	EndGlobalSection
	GlobalSection(ProjectConfigurationPlatforms) = postSolution
		{F197CADD-9509-40EC-92A7-69CDD177B8EA}.Debug|Any CPU.ActiveCfg = Debug|Any CPU
		{F197CADD-9509-40EC-92A7-69CDD177B8EA}.Debug|Any CPU.Build.0 = Debug|Any CPU
		{F197CADD-9509-40EC-92A7-69CDD177B8EA}.Release|Any CPU.ActiveCfg = Release|Any CPU
		{F197CADD-9509-40EC-92A7-69CDD177B8EA}.Release|Any CPU.Build.0 = Release|Any CPU
		{8F6C6635-D884-4ECE-A178-F07BFC38BDDD}.Debug|Any CPU.ActiveCfg = Debug|Any CPU
		{8F6C6635-D884-4ECE-A178-F07BFC38BDDD}.Debug|Any CPU.Build.0 = Debug|Any CPU
		{8F6C6635-D884-4ECE-A178-F07BFC38BDDD}.Release|Any CPU.ActiveCfg = Release|Any CPU
		{8F6C6635-D884-4ECE-A178-F07BFC38BDDD}.Release|Any CPU.Build.0 = Release|Any CPU
		{C4CB28EC-248F-46CE-89C3-A91546752943}.Debug|Any CPU.ActiveCfg = Debug|Any CPU
		{C4CB28EC-248F-46CE-89C3-A91546752943}.Debug|Any CPU.Build.0 = Debug|Any CPU
		{C4CB28EC-248F-46CE-89C3-A91546752943}.Release|Any CPU.ActiveCfg = Release|Any CPU
		{C4CB28EC-248F-46CE-89C3-A91546752943}.Release|Any CPU.Build.0 = Release|Any CPU
	EndGlobalSection
	GlobalSection(SolutionProperties) = preSolution
		HideSolutionNode = FALSE
	EndGlobalSection
	GlobalSection(ExtensibilityGlobals) = postSolution
		SolutionGuid = {52AF0F09-6609-4F58-BA87-EC4583DD4504}
	EndGlobalSection
EndGlobal
